
Microsoft Visual Studio Solution File, Format Version 12.00
# Visual Studio 15
VisualStudioVersion = 15.0.26430.16
MinimumVisualStudioVersion = 10.0.40219.1
Project("{FAE04EC0-301F-11D3-BF4B-00C04F79EFBC}") = "FizzBuzzProject", "FizzBuzz\FizzBuzzProject.csproj", "{096B2B59-A06D-47C9-BAAE-B67361B9A6EA}"
EndProject
Project("{FAE04EC0-301F-11D3-BF4B-00C04F79EFBC}") = "FizzBuzzTests", "FizzBuzzTests\FizzBuzzTests.csproj", "{C4CCE9F3-BA60-4027-8812-6E8F048E7E6D}"
EndProject
Global
	GlobalSection(SolutionConfigurationPlatforms) = preSolution
		Debug|Any CPU = Debug|Any CPU
		Release|Any CPU = Release|Any CPU
	EndGlobalSection
	GlobalSection(ProjectConfigurationPlatforms) = postSolution
		{096B2B59-A06D-47C9-BAAE-B67361B9A6EA}.Debug|Any CPU.ActiveCfg = Debug|Any CPU
		{096B2B59-A06D-47C9-BAAE-B67361B9A6EA}.Debug|Any CPU.Build.0 = Debug|Any CPU
		{096B2B59-A06D-47C9-BAAE-B67361B9A6EA}.Release|Any CPU.ActiveCfg = Release|Any CPU
		{096B2B59-A06D-47C9-BAAE-B67361B9A6EA}.Release|Any CPU.Build.0 = Release|Any CPU
		{C4CCE9F3-BA60-4027-8812-6E8F048E7E6D}.Debug|Any CPU.ActiveCfg = Debug|Any CPU
		{C4CCE9F3-BA60-4027-8812-6E8F048E7E6D}.Debug|Any CPU.Build.0 = Debug|Any CPU
		{C4CCE9F3-BA60-4027-8812-6E8F048E7E6D}.Release|Any CPU.ActiveCfg = Release|Any CPU
		{C4CCE9F3-BA60-4027-8812-6E8F048E7E6D}.Release|Any CPU.Build.0 = Release|Any CPU
	EndGlobalSection
	GlobalSection(SolutionProperties) = preSolution
		HideSolutionNode = FALSE
	EndGlobalSection
EndGlobal
